// !$*UTF8*$!
{
	archiveVersion = 1;
	classes = {
	};
	objectVersion = 46;
	objects = {

/* Begin PBXBuildFile section */
		04EB47481EDFFD86002CA820 /* main.m in Sources */ = {isa = PBXBuildFile; fileRef = 04EB47471EDFFD86002CA820 /* main.m */; };
		04EB474B1EDFFD86002CA820 /* AppDelegate.m in Sources */ = {isa = PBXBuildFile; fileRef = 04EB474A1EDFFD86002CA820 /* AppDelegate.m */; };
		04EB474E1EDFFD86002CA820 /* ViewController.m in Sources */ = {isa = PBXBuildFile; fileRef = 04EB474D1EDFFD86002CA820 /* ViewController.m */; };
		04EB47511EDFFD86002CA820 /* Main.storyboard in Resources */ = {isa = PBXBuildFile; fileRef = 04EB474F1EDFFD86002CA820 /* Main.storyboard */; };
		04EB47531EDFFD86002CA820 /* Assets.xcassets in Resources */ = {isa = PBXBuildFile; fileRef = 04EB47521EDFFD86002CA820 /* Assets.xcassets */; };
		04EB47561EDFFD86002CA820 /* LaunchScreen.storyboard in Resources */ = {isa = PBXBuildFile; fileRef = 04EB47541EDFFD86002CA820 /* LaunchScreen.storyboard */; };
		04EB47611EDFFD87002CA820 /* ____Tests.m in Sources */ = {isa = PBXBuildFile; fileRef = 04EB47601EDFFD87002CA820 /* ____Tests.m */; };
/* End PBXBuildFile section */

/* Begin PBXContainerItemProxy section */
		04EB475D1EDFFD87002CA820 /* PBXContainerItemProxy */ = {
			isa = PBXContainerItemProxy;
			containerPortal = 04EB473B1EDFFD86002CA820 /* Project object */;
			proxyType = 1;
			remoteGlobalIDString = 04EB47421EDFFD86002CA820;
			remoteInfo = "监测流量";
		};
/* End PBXContainerItemProxy section */

/* Begin PBXFileReference section */
		04EB47431EDFFD86002CA820 /* 监测流量.app */ = {isa = PBXFileReference; explicitFileType = wrapper.application; includeInIndex = 0; path = "监测流量.app"; sourceTree = BUILT_PRODUCTS_DIR; };
		04EB47471EDFFD86002CA820 /* main.m */ = {isa = PBXFileReference; lastKnownFileType = sourcecode.c.objc; path = main.m; sourceTree = "<group>"; };
		04EB47491EDFFD86002CA820 /* AppDelegate.h */ = {isa = PBXFileReference; lastKnownFileType = sourcecode.c.h; path = AppDelegate.h; sourceTree = "<group>"; };
		04EB474A1EDFFD86002CA820 /* AppDelegate.m */ = {isa = PBXFileReference; lastKnownFileType = sourcecode.c.objc; path = AppDelegate.m; sourceTree = "<group>"; };
		04EB474C1EDFFD86002CA820 /* ViewController.h */ = {isa = PBXFileReference; lastKnownFileType = sourcecode.c.h; path = ViewController.h; sourceTree = "<group>"; };
		04EB474D1EDFFD86002CA820 /* ViewController.m */ = {isa = PBXFileReference; lastKnownFileType = sourcecode.c.objc; path = ViewController.m; sourceTree = "<group>"; };
		04EB47501EDFFD86002CA820 /* Base */ = {isa = PBXFileReference; lastKnownFileType = file.storyboard; name = Base; path = Base.lproj/Main.storyboard; sourceTree = "<group>"; };
		04EB47521EDFFD86002CA820 /* Assets.xcassets */ = {isa = PBXFileReference; lastKnownFileType = folder.assetcatalog; path = Assets.xcassets; sourceTree = "<group>"; };
		04EB47551EDFFD86002CA820 /* Base */ = {isa = PBXFileReference; lastKnownFileType = file.storyboard; name = Base; path = Base.lproj/LaunchScreen.storyboard; sourceTree = "<group>"; };
		04EB47571EDFFD86002CA820 /* Info.plist */ = {isa = PBXFileReference; lastKnownFileType = text.plist.xml; path = Info.plist; sourceTree = "<group>"; };
		04EB475C1EDFFD87002CA820 /* 监测流量Tests.xctest */ = {isa = PBXFileReference; explicitFileType = wrapper.cfbundle; includeInIndex = 0; path = "监测流量Tests.xctest"; sourceTree = BUILT_PRODUCTS_DIR; };
		04EB47601EDFFD87002CA820 /* ____Tests.m */ = {isa = PBXFileReference; lastKnownFileType = sourcecode.c.objc; path = "____Tests.m"; sourceTree = "<group>"; };
		04EB47621EDFFD87002CA820 /* Info.plist */ = {isa = PBXFileReference; lastKnownFileType = text.plist.xml; path = Info.plist; sourceTree = "<group>"; };
/* End PBXFileReference section */

/* Begin PBXFrameworksBuildPhase section */
		04EB47401EDFFD86002CA820 /* Frameworks */ = {
			isa = PBXFrameworksBuildPhase;
			buildActionMask = 2147483647;
			files = (
			);
			runOnlyForDeploymentPostprocessing = 0;
		};
		04EB47591EDFFD87002CA820 /* Frameworks */ = {
			isa = PBXFrameworksBuildPhase;
			buildActionMask = 2147483647;
			files = (
			);
			runOnlyForDeploymentPostprocessing = 0;
		};
/* End PBXFrameworksBuildPhase section */

/* Begin PBXGroup section */
		04EB473A1EDFFD86002CA820 = {
			isa = PBXGroup;
			children = (
				04EB47451EDFFD86002CA820 /* 监测流量 */,
				04EB475F1EDFFD87002CA820 /* 监测流量Tests */,
				04EB47441EDFFD86002CA820 /* Products */,
			);
			sourceTree = "<group>";
		};
		04EB47441EDFFD86002CA820 /* Products */ = {
			isa = PBXGroup;
			children = (
				04EB47431EDFFD86002CA820 /* 监测流量.app */,
				04EB475C1EDFFD87002CA820 /* 监测流量Tests.xctest */,
			);
			name = Products;
			sourceTree = "<group>";
		};
		04EB47451EDFFD86002CA820 /* 监测流量 */ = {
			isa = PBXGroup;
			children = (
				04EB47491EDFFD86002CA820 /* AppDelegate.h */,
				04EB474A1EDFFD86002CA820 /* AppDelegate.m */,
				04EB474C1EDFFD86002CA820 /* ViewController.h */,
				04EB474D1EDFFD86002CA820 /* ViewController.m */,
				04EB474F1EDFFD86002CA820 /* Main.storyboard */,
				04EB47521EDFFD86002CA820 /* Assets.xcassets */,
				04EB47541EDFFD86002CA820 /* LaunchScreen.storyboard */,
				04EB47571EDFFD86002CA820 /* Info.plist */,
				04EB47461EDFFD86002CA820 /* Supporting Files */,
			);
			path = "监测流量";
			sourceTree = "<group>";
		};
		04EB47461EDFFD86002CA820 /* Supporting Files */ = {
			isa = PBXGroup;
			children = (
				04EB47471EDFFD86002CA820 /* main.m */,
			);
			name = "Supporting Files";
			sourceTree = "<group>";
		};
		04EB475F1EDFFD87002CA820 /* 监测流量Tests */ = {
			isa = PBXGroup;
			children = (
				04EB47601EDFFD87002CA820 /* ____Tests.m */,
				04EB47621EDFFD87002CA820 /* Info.plist */,
			);
			path = "监测流量Tests";
			sourceTree = "<group>";
		};
/* End PBXGroup section */

/* Begin PBXNativeTarget section */
		04EB47421EDFFD86002CA820 /* 监测流量 */ = {
			isa = PBXNativeTarget;
			buildConfigurationList = 04EB47651EDFFD87002CA820 /* Build configuration list for PBXNativeTarget "监测流量" */;
			buildPhases = (
				04EB473F1EDFFD86002CA820 /* Sources */,
				04EB47401EDFFD86002CA820 /* Frameworks */,
				04EB47411EDFFD86002CA820 /* Resources */,
			);
			buildRules = (
			);
			dependencies = (
			);
			name = "监测流量";
			productName = "监测流量";
			productReference = 04EB47431EDFFD86002CA820 /* 监测流量.app */;
			productType = "com.apple.product-type.application";
		};
		04EB475B1EDFFD87002CA820 /* 监测流量Tests */ = {
			isa = PBXNativeTarget;
			buildConfigurationList = 04EB47681EDFFD87002CA820 /* Build configuration list for PBXNativeTarget "监测流量Tests" */;
			buildPhases = (
				04EB47581EDFFD87002CA820 /* Sources */,
				04EB47591EDFFD87002CA820 /* Frameworks */,
				04EB475A1EDFFD87002CA820 /* Resources */,
			);
			buildRules = (
			);
			dependencies = (
				04EB475E1EDFFD87002CA820 /* PBXTargetDependency */,
			);
			name = "监测流量Tests";
			productName = "监测流量Tests";
			productReference = 04EB475C1EDFFD87002CA820 /* 监测流量Tests.xctest */;
			productType = "com.apple.product-type.bundle.unit-test";
		};
/* End PBXNativeTarget section */

/* Begin PBXProject section */
		04EB473B1EDFFD86002CA820 /* Project object */ = {
			isa = PBXProject;
			attributes = {
				LastUpgradeCheck = 0720;
				ORGANIZATIONNAME = Mac;
				TargetAttributes = {
					04EB47421EDFFD86002CA820 = {
						CreatedOnToolsVersion = 7.2.1;
						DevelopmentTeam = VV3XBEZT5B;
						SystemCapabilities = {
							com.apple.BackgroundModes = {
								enabled = 1;
							};
						};
					};
					04EB475B1EDFFD87002CA820 = {
						CreatedOnToolsVersion = 7.2.1;
						DevelopmentTeam = VV3XBEZT5B;
						TestTargetID = 04EB47421EDFFD86002CA820;
					};
				};
			};
			buildConfigurationList = 04EB473E1EDFFD86002CA820 /* Build configuration list for PBXProject "监测流量" */;
			compatibilityVersion = "Xcode 3.2";
			developmentRegion = English;
			hasScannedForEncodings = 0;
			knownRegions = (
				en,
				Base,
			);
			mainGroup = 04EB473A1EDFFD86002CA820;
			productRefGroup = 04EB47441EDFFD86002CA820 /* Products */;
			projectDirPath = "";
			projectRoot = "";
			targets = (
				04EB47421EDFFD86002CA820 /* 监测流量 */,
				04EB475B1EDFFD87002CA820 /* 监测流量Tests */,
			);
		};
/* End PBXProject section */

/* Begin PBXResourcesBuildPhase section */
		04EB47411EDFFD86002CA820 /* Resources */ = {
			isa = PBXResourcesBuildPhase;
			buildActionMask = 2147483647;
			files = (
				04EB47561EDFFD86002CA820 /* LaunchScreen.storyboard in Resources */,
				04EB47531EDFFD86002CA820 /* Assets.xcassets in Resources */,
				04EB47511EDFFD86002CA820 /* Main.storyboard in Resources */,
			);
			runOnlyForDeploymentPostprocessing = 0;
		};
		04EB475A1EDFFD87002CA820 /* Resources */ = {
			isa = PBXResourcesBuildPhase;
			buildActionMask = 2147483647;
			files = (
			);
			runOnlyForDeploymentPostprocessing = 0;
		};
/* End PBXResourcesBuildPhase section */

/* Begin PBXSourcesBuildPhase section */
		04EB473F1EDFFD86002CA820 /* Sources */ = {
			isa = PBXSourcesBuildPhase;
			buildActionMask = 2147483647;
			files = (
				04EB474E1EDFFD86002CA820 /* ViewController.m in Sources */,
				04EB474B1EDFFD86002CA820 /* AppDelegate.m in Sources */,
				04EB47481EDFFD86002CA820 /* main.m in Sources */,
			);
			runOnlyForDeploymentPostprocessing = 0;
		};
		04EB47581EDFFD87002CA820 /* Sources */ = {
			isa = PBXSourcesBuildPhase;
			buildActionMask = 2147483647;
			files = (
				04EB47611EDFFD87002CA820 /* ____Tests.m in Sources */,
			);
			runOnlyForDeploymentPostprocessing = 0;
		};
/* End PBXSourcesBuildPhase section */

/* Begin PBXTargetDependency section */
		04EB475E1EDFFD87002CA820 /* PBXTargetDependency */ = {
			isa = PBXTargetDependency;
			target = 04EB47421EDFFD86002CA820 /* 监测流量 */;
			targetProxy = 04EB475D1EDFFD87002CA820 /* PBXContainerItemProxy */;
		};
/* End PBXTargetDependency section */

/* Begin PBXVariantGroup section */
		04EB474F1EDFFD86002CA820 /* Main.storyboard */ = {
			isa = PBXVariantGroup;
			children = (
				04EB47501EDFFD86002CA820 /* Base */,
			);
			name = Main.storyboard;
			sourceTree = "<group>";
		};
		04EB47541EDFFD86002CA820 /* LaunchScreen.storyboard */ = {
			isa = PBXVariantGroup;
			children = (
				04EB47551EDFFD86002CA820 /* Base */,
			);
			name = LaunchScreen.storyboard;
			sourceTree = "<group>";
		};
/* End PBXVariantGroup section */

/* Begin XCBuildConfiguration section */
		04EB47631EDFFD87002CA820 /* Debug */ = {
			isa = XCBuildConfiguration;
			buildSettings = {
				ALWAYS_SEARCH_USER_PATHS = NO;
				CLANG_CXX_LANGUAGE_STANDARD = "gnu++0x";
				CLANG_CXX_LIBRARY = "libc++";
				CLANG_ENABLE_MODULES = YES;
				CLANG_ENABLE_OBJC_ARC = YES;
				CLANG_WARN_BOOL_CONVERSION = YES;
				CLANG_WARN_CONSTANT_CONVERSION = YES;
				CLANG_WARN_DIRECT_OBJC_ISA_USAGE = YES_ERROR;
				CLANG_WARN_EMPTY_BODY = YES;
				CLANG_WARN_ENUM_CONVERSION = YES;
				CLANG_WARN_INT_CONVERSION = YES;
				CLANG_WARN_OBJC_ROOT_CLASS = YES_ERROR;
				CLANG_WARN_UNREACHABLE_CODE = YES;
				CLANG_WARN__DUPLICATE_METHOD_MATCH = YES;
				"CODE_SIGN_IDENTITY[sdk=iphoneos*]" = "iPhone Developer";
				COPY_PHASE_STRIP = NO;
				DEBUG_INFORMATION_FORMAT = dwarf;
				ENABLE_STRICT_OBJC_MSGSEND = YES;
				ENABLE_TESTABILITY = YES;
				GCC_C_LANGUAGE_STANDARD = gnu99;
				GCC_DYNAMIC_NO_PIC = NO;
				GCC_NO_COMMON_BLOCKS = YES;
				GCC_OPTIMIZATION_LEVEL = 0;
				GCC_PREPROCESSOR_DEFINITIONS = (
					"DEBUG=1",
					"$(inherited)",
				);
				GCC_WARN_64_TO_32_BIT_CONVERSION = YES;
				GCC_WARN_ABOUT_RETURN_TYPE = YES_ERROR;
				GCC_WARN_UNDECLARED_SELECTOR = YES;
				GCC_WARN_UNINITIALIZED_AUTOS = YES_AGGRESSIVE;
				GCC_WARN_UNUSED_FUNCTION = YES;
				GCC_WARN_UNUSED_VARIABLE = YES;
				IPHONEOS_DEPLOYMENT_TARGET = 9.2;
				MTL_ENABLE_DEBUG_INFO = YES;
				ONLY_ACTIVE_ARCH = YES;
				SDKROOT = iphoneos;
				TARGETED_DEVICE_FAMILY = "1,2";
			};
			name = Debug;
		};
		04EB47641EDFFD87002CA820 /* Release */ = {
			isa = XCBuildConfiguration;
			buildSettings = {
				ALWAYS_SEARCH_USER_PATHS = NO;
				CLANG_CXX_LANGUAGE_STANDARD = "gnu++0x";
				CLANG_CXX_LIBRARY = "libc++";
				CLANG_ENABLE_MODULES = YES;
				CLANG_ENABLE_OBJC_ARC = YES;
				CLANG_WARN_BOOL_CONVERSION = YES;
				CLANG_WARN_CONSTANT_CONVERSION = YES;
				CLANG_WARN_DIRECT_OBJC_ISA_USAGE = YES_ERROR;
				CLANG_WARN_EMPTY_BODY = YES;
				CLANG_WARN_ENUM_CONVERSION = YES;
				CLANG_WARN_INT_CONVERSION = YES;
				CLANG_WARN_OBJC_ROOT_CLASS = YES_ERROR;
				CLANG_WARN_UNREACHABLE_CODE = YES;
				CLANG_WARN__DUPLICATE_METHOD_MATCH = YES;
				"CODE_SIGN_IDENTITY[sdk=iphoneos*]" = "iPhone Developer";
				COPY_PHASE_STRIP = NO;
				DEBUG_INFORMATION_FORMAT = "dwarf-with-dsym";
				ENABLE_NS_ASSERTIONS = NO;
				ENABLE_STRICT_OBJC_MSGSEND = YES;
				GCC_C_LANGUAGE_STANDARD = gnu99;
				GCC_NO_COMMON_BLOCKS = YES;
				GCC_WARN_64_TO_32_BIT_CONVERSION = YES;
				GCC_WARN_ABOUT_RETURN_TYPE = YES_ERROR;
				GCC_WARN_UNDECLARED_SELECTOR = YES;
				GCC_WARN_UNINITIALIZED_AUTOS = YES_AGGRESSIVE;
				GCC_WARN_UNUSED_FUNCTION = YES;
				GCC_WARN_UNUSED_VARIABLE = YES;
				IPHONEOS_DEPLOYMENT_TARGET = 9.2;
				MTL_ENABLE_DEBUG_INFO = NO;
				SDKROOT = iphoneos;
				TARGETED_DEVICE_FAMILY = "1,2";
				VALIDATE_PRODUCT = YES;
			};
			name = Release;
		};
		04EB47661EDFFD87002CA820 /* Debug */ = {
			isa = XCBuildConfiguration;
			buildSettings = {
				ASSETCATALOG_COMPILER_APPICON_NAME = AppIcon;
				INFOPLIST_FILE = "监测流量/Info.plist";
				LD_RUNPATH_SEARCH_PATHS = "$(inherited) @executable_path/Frameworks";
				PRODUCT_BUNDLE_IDENTIFIER = "Mac.----";
				PRODUCT_NAME = "$(TARGET_NAME)";
			};
			name = Debug;
		};
		04EB47671EDFFD87002CA820 /* Release */ = {
			isa = XCBuildConfiguration;
			buildSettings = {
				ASSETCATALOG_COMPILER_APPICON_NAME = AppIcon;
				INFOPLIST_FILE = "监测流量/Info.plist";
				LD_RUNPATH_SEARCH_PATHS = "$(inherited) @executable_path/Frameworks";
				PRODUCT_BUNDLE_IDENTIFIER = "Mac.----";
				PRODUCT_NAME = "$(TARGET_NAME)";
			};
			name = Release;
		};
		04EB47691EDFFD87002CA820 /* Debug */ = {
			isa = XCBuildConfiguration;
			buildSettings = {
				BUNDLE_LOADER = "$(TEST_HOST)";
				INFOPLIST_FILE = "监测流量Tests/Info.plist";
				LD_RUNPATH_SEARCH_PATHS = "$(inherited) @executable_path/Frameworks @loader_path/Frameworks";
				PRODUCT_BUNDLE_IDENTIFIER = "Mac.----Tests";
				PRODUCT_NAME = "$(TARGET_NAME)";
				TEST_HOST = "$(BUILT_PRODUCTS_DIR)/监测流量.app/监测流量";
			};
			name = Debug;
		};
		04EB476A1EDFFD87002CA820 /* Release */ = {
			isa = XCBuildConfiguration;
			buildSettings = {
				BUNDLE_LOADER = "$(TEST_HOST)";
				INFOPLIST_FILE = "监测流量Tests/Info.plist";
				LD_RUNPATH_SEARCH_PATHS = "$(inherited) @executable_path/Frameworks @loader_path/Frameworks";
				PRODUCT_BUNDLE_IDENTIFIER = "Mac.----Tests";
				PRODUCT_NAME = "$(TARGET_NAME)";
				TEST_HOST = "$(BUILT_PRODUCTS_DIR)/监测流量.app/监测流量";
			};
			name = Release;
		};
/* End XCBuildConfiguration section */

/* Begin XCConfigurationList section */
		04EB473E1EDFFD86002CA820 /* Build configuration list for PBXProject "监测流量" */ = {
			isa = XCConfigurationList;
			buildConfigurations = (
				04EB47631EDFFD87002CA820 /* Debug */,
				04EB47641EDFFD87002CA820 /* Release */,
			);
			defaultConfigurationIsVisible = 0;
			defaultConfigurationName = Release;
		};
		04EB47651EDFFD87002CA820 /* Build configuration list for PBXNativeTarget "监测流量" */ = {
			isa = XCConfigurationList;
			buildConfigurations = (
				04EB47661EDFFD87002CA820 /* Debug */,
				04EB47671EDFFD87002CA820 /* Release */,
			);
			defaultConfigurationIsVisible = 0;
			defaultConfigurationName = Release;
		};
		04EB47681EDFFD87002CA820 /* Build configuration list for PBXNativeTarget "监测流量Tests" */ = {
			isa = XCConfigurationList;
			buildConfigurations = (
				04EB47691EDFFD87002CA820 /* Debug */,
				04EB476A1EDFFD87002CA820 /* Release */,
			);
			defaultConfigurationIsVisible = 0;
			defaultConfigurationName = Release;
		};
/* End XCConfigurationList section */
	};
	rootObject = 04EB473B1EDFFD86002CA820 /* Project object */;
}
